// !$*UTF8*$!
{
	archiveVersion = 1;
	classes = {
	};
	objectVersion = 50;
	objects = {

/* Begin PBXBuildFile section */
		BD7F2DE821C1377F000F438A /* AppDelegate.swift in Sources */ = {isa = PBXBuildFile; fileRef = BD7F2DE721C1377F000F438A /* AppDelegate.swift */; };
		BD7F2DEA21C1377F000F438A /* ViewController.swift in Sources */ = {isa = PBXBuildFile; fileRef = BD7F2DE921C1377F000F438A /* ViewController.swift */; };
		BD7F2DED21C1377F000F438A /* Main.storyboard in Resources */ = {isa = PBXBuildFile; fileRef = BD7F2DEB21C1377F000F438A /* Main.storyboard */; };
		BD7F2DEF21C13782000F438A /* Assets.xcassets in Resources */ = {isa = PBXBuildFile; fileRef = BD7F2DEE21C13782000F438A /* Assets.xcassets */; };
		BD7F2DF221C13782000F438A /* LaunchScreen.storyboard in Resources */ = {isa = PBXBuildFile; fileRef = BD7F2DF021C13782000F438A /* LaunchScreen.storyboard */; };
		BD7F2DFA21C13AB8000F438A /* Shaders.metal in Sources */ = {isa = PBXBuildFile; fileRef = BD7F2DF921C13AB8000F438A /* Shaders.metal */; };
		BD7F2E0421C22BA2000F438A /* abc.png in Resources */ = {isa = PBXBuildFile; fileRef = BD7F2E0321C22BA2000F438A /* abc.png */; };
/* End PBXBuildFile section */

/* Begin PBXFileReference section */
		BD7F2DE421C1377F000F438A /* MetalTest.app */ = {isa = PBXFileReference; explicitFileType = wrapper.application; includeInIndex = 0; path = MetalTest.app; sourceTree = BUILT_PRODUCTS_DIR; };
		BD7F2DE721C1377F000F438A /* AppDelegate.swift */ = {isa = PBXFileReference; lastKnownFileType = sourcecode.swift; path = AppDelegate.swift; sourceTree = "<group>"; };
		BD7F2DE921C1377F000F438A /* ViewController.swift */ = {isa = PBXFileReference; lastKnownFileType = sourcecode.swift; path = ViewController.swift; sourceTree = "<group>"; };
		BD7F2DEC21C1377F000F438A /* Base */ = {isa = PBXFileReference; lastKnownFileType = file.storyboard; name = Base; path = Base.lproj/Main.storyboard; sourceTree = "<group>"; };
		BD7F2DEE21C13782000F438A /* Assets.xcassets */ = {isa = PBXFileReference; lastKnownFileType = folder.assetcatalog; path = Assets.xcassets; sourceTree = "<group>"; };
		BD7F2DF121C13782000F438A /* Base */ = {isa = PBXFileReference; lastKnownFileType = file.storyboard; name = Base; path = Base.lproj/LaunchScreen.storyboard; sourceTree = "<group>"; };
		BD7F2DF321C13782000F438A /* Info.plist */ = {isa = PBXFileReference; lastKnownFileType = text.plist.xml; path = Info.plist; sourceTree = "<group>"; };
		BD7F2DF921C13AB8000F438A /* Shaders.metal */ = {isa = PBXFileReference; lastKnownFileType = sourcecode.metal; path = Shaders.metal; sourceTree = "<group>"; };
		BD7F2E0221C21948000F438A /* QGHWDShaderTypes.h */ = {isa = PBXFileReference; lastKnownFileType = sourcecode.c.h; path = QGHWDShaderTypes.h; sourceTree = "<group>"; };
		BD7F2E0321C22BA2000F438A /* abc.png */ = {isa = PBXFileReference; lastKnownFileType = image.png; path = abc.png; sourceTree = "<group>"; };
/* End PBXFileReference section */

/* Begin PBXFrameworksBuildPhase section */
		BD7F2DE121C1377F000F438A /* Frameworks */ = {
			isa = PBXFrameworksBuildPhase;
			buildActionMask = 2147483647;
			files = (
			);
			runOnlyForDeploymentPostprocessing = 0;
		};
/* End PBXFrameworksBuildPhase section */

/* Begin PBXGroup section */
		BD7F2DDB21C1377F000F438A = {
			isa = PBXGroup;
			children = (
				BD7F2DE621C1377F000F438A /* MetalTest */,
				BD7F2DE521C1377F000F438A /* Products */,
			);
			sourceTree = "<group>";
		};
		BD7F2DE521C1377F000F438A /* Products */ = {
			isa = PBXGroup;
			children = (
				BD7F2DE421C1377F000F438A /* MetalTest.app */,
			);
			name = Products;
			sourceTree = "<group>";
		};
		BD7F2DE621C1377F000F438A /* MetalTest */ = {
			isa = PBXGroup;
			children = (
				BD7F2E0321C22BA2000F438A /* abc.png */,
				BD7F2DE721C1377F000F438A /* AppDelegate.swift */,
				BD7F2DE921C1377F000F438A /* ViewController.swift */,
				BD7F2DEB21C1377F000F438A /* Main.storyboard */,
				BD7F2DEE21C13782000F438A /* Assets.xcassets */,
				BD7F2DF021C13782000F438A /* LaunchScreen.storyboard */,
				BD7F2DF321C13782000F438A /* Info.plist */,
				BD7F2DF921C13AB8000F438A /* Shaders.metal */,
				BD7F2E0221C21948000F438A /* QGHWDShaderTypes.h */,
			);
			path = MetalTest;
			sourceTree = "<group>";
		};
/* End PBXGroup section */

/* Begin PBXNativeTarget section */
		BD7F2DE321C1377F000F438A /* MetalTest */ = {
			isa = PBXNativeTarget;
			buildConfigurationList = BD7F2DF621C13782000F438A /* Build configuration list for PBXNativeTarget "MetalTest" */;
			buildPhases = (
				BD7F2DE021C1377F000F438A /* Sources */,
				BD7F2DE121C1377F000F438A /* Frameworks */,
				BD7F2DE221C1377F000F438A /* Resources */,
			);
			buildRules = (
			);
			dependencies = (
			);
			name = MetalTest;
			productName = MetalTest;
			productReference = BD7F2DE421C1377F000F438A /* MetalTest.app */;
			productType = "com.apple.product-type.application";
		};
/* End PBXNativeTarget section */

/* Begin PBXProject section */
		BD7F2DDC21C1377F000F438A /* Project object */ = {
			isa = PBXProject;
			attributes = {
				LastSwiftUpdateCheck = 1010;
				LastUpgradeCheck = 1010;
				ORGANIZATIONNAME = Tencent;
				TargetAttributes = {
					BD7F2DE321C1377F000F438A = {
						CreatedOnToolsVersion = 10.1;
					};
				};
			};
			buildConfigurationList = BD7F2DDF21C1377F000F438A /* Build configuration list for PBXProject "MetalTest" */;
			compatibilityVersion = "Xcode 9.3";
			developmentRegion = en;
			hasScannedForEncodings = 0;
			knownRegions = (
				en,
				Base,
			);
			mainGroup = BD7F2DDB21C1377F000F438A;
			productRefGroup = BD7F2DE521C1377F000F438A /* Products */;
			projectDirPath = "";
			projectRoot = "";
			targets = (
				BD7F2DE321C1377F000F438A /* MetalTest */,
			);
		};
/* End PBXProject section */

/* Begin PBXResourcesBuildPhase section */
		BD7F2DE221C1377F000F438A /* Resources */ = {
			isa = PBXResourcesBuildPhase;
			buildActionMask = 2147483647;
			files = (
				BD7F2E0421C22BA2000F438A /* abc.png in Resources */,
				BD7F2DF221C13782000F438A /* LaunchScreen.storyboard in Resources */,
				BD7F2DEF21C13782000F438A /* Assets.xcassets in Resources */,
				BD7F2DED21C1377F000F438A /* Main.storyboard in Resources */,
			);
			runOnlyForDeploymentPostprocessing = 0;
		};
/* End PBXResourcesBuildPhase section */

/* Begin PBXSourcesBuildPhase section */
		BD7F2DE021C1377F000F438A /* Sources */ = {
			isa = PBXSourcesBuildPhase;
			buildActionMask = 2147483647;
			files = (
				BD7F2DFA21C13AB8000F438A /* Shaders.metal in Sources */,
				BD7F2DEA21C1377F000F438A /* ViewController.swift in Sources */,
				BD7F2DE821C1377F000F438A /* AppDelegate.swift in Sources */,
			);
			runOnlyForDeploymentPostprocessing = 0;
		};
/* End PBXSourcesBuildPhase section */

/* Begin PBXVariantGroup section */
		BD7F2DEB21C1377F000F438A /* Main.storyboard */ = {
			isa = PBXVariantGroup;
			children = (
				BD7F2DEC21C1377F000F438A /* Base */,
			);
			name = Main.storyboard;
			sourceTree = "<group>";
		};
		BD7F2DF021C13782000F438A /* LaunchScreen.storyboard */ = {
			isa = PBXVariantGroup;
			children = (
				BD7F2DF121C13782000F438A /* Base */,
			);
			name = LaunchScreen.storyboard;
			sourceTree = "<group>";
		};
/* End PBXVariantGroup section */

/* Begin XCBuildConfiguration section */
		BD7F2DF421C13782000F438A /* Debug */ = {
			isa = XCBuildConfiguration;
			buildSettings = {
				ALWAYS_SEARCH_USER_PATHS = NO;
				CLANG_ANALYZER_NONNULL = YES;
				CLANG_ANALYZER_NUMBER_OBJECT_CONVERSION = YES_AGGRESSIVE;
				CLANG_CXX_LANGUAGE_STANDARD = "gnu++14";
				CLANG_CXX_LIBRARY = "libc++";
				CLANG_ENABLE_MODULES = YES;
				CLANG_ENABLE_OBJC_ARC = YES;
				CLANG_ENABLE_OBJC_WEAK = YES;
				CLANG_WARN_BLOCK_CAPTURE_AUTORELEASING = YES;
				CLANG_WARN_BOOL_CONVERSION = YES;
				CLANG_WARN_COMMA = YES;
				CLANG_WARN_CONSTANT_CONVERSION = YES;
				CLANG_WARN_DEPRECATED_OBJC_IMPLEMENTATIONS = YES;
				CLANG_WARN_DIRECT_OBJC_ISA_USAGE = YES_ERROR;
				CLANG_WARN_DOCUMENTATION_COMMENTS = YES;
				CLANG_WARN_EMPTY_BODY = YES;
				CLANG_WARN_ENUM_CONVERSION = YES;
				CLANG_WARN_INFINITE_RECURSION = YES;
				CLANG_WARN_INT_CONVERSION = YES;
				CLANG_WARN_NON_LITERAL_NULL_CONVERSION = YES;
				CLANG_WARN_OBJC_IMPLICIT_RETAIN_SELF = YES;
				CLANG_WARN_OBJC_LITERAL_CONVERSION = YES;
				CLANG_WARN_OBJC_ROOT_CLASS = YES_ERROR;
				CLANG_WARN_RANGE_LOOP_ANALYSIS = YES;
				CLANG_WARN_STRICT_PROTOTYPES = YES;
				CLANG_WARN_SUSPICIOUS_MOVE = YES;
				CLANG_WARN_UNGUARDED_AVAILABILITY = YES_AGGRESSIVE;
				CLANG_WARN_UNREACHABLE_CODE = YES;
				CLANG_WARN__DUPLICATE_METHOD_MATCH = YES;
				CODE_SIGN_IDENTITY = "iPhone Developer";
				COPY_PHASE_STRIP = NO;
				DEBUG_INFORMATION_FORMAT = dwarf;
				ENABLE_STRICT_OBJC_MSGSEND = YES;
				ENABLE_TESTABILITY = YES;
				GCC_C_LANGUAGE_STANDARD = gnu11;
				GCC_DYNAMIC_NO_PIC = NO;
				GCC_NO_COMMON_BLOCKS = YES;
				GCC_OPTIMIZATION_LEVEL = 0;
				GCC_PREPROCESSOR_DEFINITIONS = (
					"DEBUG=1",
					"$(inherited)",
				);
				GCC_WARN_64_TO_32_BIT_CONVERSION = YES;
				GCC_WARN_ABOUT_RETURN_TYPE = YES_ERROR;
				GCC_WARN_UNDECLARED_SELECTOR = YES;
				GCC_WARN_UNINITIALIZED_AUTOS = YES_AGGRESSIVE;
				GCC_WARN_UNUSED_FUNCTION = YES;
				GCC_WARN_UNUSED_VARIABLE = YES;
				IPHONEOS_DEPLOYMENT_TARGET = 12.1;
				MTL_ENABLE_DEBUG_INFO = INCLUDE_SOURCE;
				MTL_FAST_MATH = YES;
				ONLY_ACTIVE_ARCH = YES;
				SDKROOT = iphoneos;
				SWIFT_ACTIVE_COMPILATION_CONDITIONS = DEBUG;
				SWIFT_OBJC_BRIDGING_HEADER = MetalTest/QGHWDShaderTypes.h;
				SWIFT_OPTIMIZATION_LEVEL = "-Onone";
			};
			name = Debug;
		};
		BD7F2DF521C13782000F438A /* Release */ = {
			isa = XCBuildConfiguration;
			buildSettings = {
				ALWAYS_SEARCH_USER_PATHS = NO;
				CLANG_ANALYZER_NONNULL = YES;
				CLANG_ANALYZER_NUMBER_OBJECT_CONVERSION = YES_AGGRESSIVE;
				CLANG_CXX_LANGUAGE_STANDARD = "gnu++14";
				CLANG_CXX_LIBRARY = "libc++";
				CLANG_ENABLE_MODULES = YES;
				CLANG_ENABLE_OBJC_ARC = YES;
				CLANG_ENABLE_OBJC_WEAK = YES;
				CLANG_WARN_BLOCK_CAPTURE_AUTORELEASING = YES;
				CLANG_WARN_BOOL_CONVERSION = YES;
				CLANG_WARN_COMMA = YES;
				CLANG_WARN_CONSTANT_CONVERSION = YES;
				CLANG_WARN_DEPRECATED_OBJC_IMPLEMENTATIONS = YES;
				CLANG_WARN_DIRECT_OBJC_ISA_USAGE = YES_ERROR;
				CLANG_WARN_DOCUMENTATION_COMMENTS = YES;
				CLANG_WARN_EMPTY_BODY = YES;
				CLANG_WARN_ENUM_CONVERSION = YES;
				CLANG_WARN_INFINITE_RECURSION = YES;
				CLANG_WARN_INT_CONVERSION = YES;
				CLANG_WARN_NON_LITERAL_NULL_CONVERSION = YES;
				CLANG_WARN_OBJC_IMPLICIT_RETAIN_SELF = YES;
				CLANG_WARN_OBJC_LITERAL_CONVERSION = YES;
				CLANG_WARN_OBJC_ROOT_CLASS = YES_ERROR;
				CLANG_WARN_RANGE_LOOP_ANALYSIS = YES;
				CLANG_WARN_STRICT_PROTOTYPES = YES;
				CLANG_WARN_SUSPICIOUS_MOVE = YES;
				CLANG_WARN_UNGUARDED_AVAILABILITY = YES_AGGRESSIVE;
				CLANG_WARN_UNREACHABLE_CODE = YES;
				CLANG_WARN__DUPLICATE_METHOD_MATCH = YES;
				CODE_SIGN_IDENTITY = "iPhone Developer";
				COPY_PHASE_STRIP = NO;
				DEBUG_INFORMATION_FORMAT = "dwarf-with-dsym";
				ENABLE_NS_ASSERTIONS = NO;
				ENABLE_STRICT_OBJC_MSGSEND = YES;
				GCC_C_LANGUAGE_STANDARD = gnu11;
				GCC_NO_COMMON_BLOCKS = YES;
				GCC_WARN_64_TO_32_BIT_CONVERSION = YES;
				GCC_WARN_ABOUT_RETURN_TYPE = YES_ERROR;
				GCC_WARN_UNDECLARED_SELECTOR = YES;
				GCC_WARN_UNINITIALIZED_AUTOS = YES_AGGRESSIVE;
				GCC_WARN_UNUSED_FUNCTION = YES;
				GCC_WARN_UNUSED_VARIABLE = YES;
				IPHONEOS_DEPLOYMENT_TARGET = 12.1;
				MTL_ENABLE_DEBUG_INFO = NO;
				MTL_FAST_MATH = YES;
				SDKROOT = iphoneos;
				SWIFT_COMPILATION_MODE = wholemodule;
				SWIFT_OBJC_BRIDGING_HEADER = MetalTest/QGHWDShaderTypes.h;
				SWIFT_OPTIMIZATION_LEVEL = "-O";
				VALIDATE_PRODUCT = YES;
			};
			name = Release;
		};
		BD7F2DF721C13782000F438A /* Debug */ = {
			isa = XCBuildConfiguration;
			buildSettings = {
				ASSETCATALOG_COMPILER_APPICON_NAME = AppIcon;
				CODE_SIGN_STYLE = Automatic;
				DEVELOPMENT_TEAM = 6W55574XBS;
				INFOPLIST_FILE = MetalTest/Info.plist;
				LD_RUNPATH_SEARCH_PATHS = (
					"$(inherited)",
					"@executable_path/Frameworks",
				);
				PRODUCT_BUNDLE_IDENTIFIER = com.tencent.MetalTest;
				PRODUCT_NAME = "$(TARGET_NAME)";
				SWIFT_VERSION = 4.2;
				TARGETED_DEVICE_FAMILY = "1,2";
			};
			name = Debug;
		};
		BD7F2DF821C13782000F438A /* Release */ = {
			isa = XCBuildConfiguration;
			buildSettings = {
				ASSETCATALOG_COMPILER_APPICON_NAME = AppIcon;
				CODE_SIGN_STYLE = Automatic;
				DEVELOPMENT_TEAM = 6W55574XBS;
				INFOPLIST_FILE = MetalTest/Info.plist;
				LD_RUNPATH_SEARCH_PATHS = (
					"$(inherited)",
					"@executable_path/Frameworks",
				);
				PRODUCT_BUNDLE_IDENTIFIER = com.tencent.MetalTest;
				PRODUCT_NAME = "$(TARGET_NAME)";
				SWIFT_VERSION = 4.2;
				TARGETED_DEVICE_FAMILY = "1,2";
			};
			name = Release;
		};
/* End XCBuildConfiguration section */

/* Begin XCConfigurationList section */
		BD7F2DDF21C1377F000F438A /* Build configuration list for PBXProject "MetalTest" */ = {
			isa = XCConfigurationList;
			buildConfigurations = (
				BD7F2DF421C13782000F438A /* Debug */,
				BD7F2DF521C13782000F438A /* Release */,
			);
			defaultConfigurationIsVisible = 0;
			defaultConfigurationName = Release;
		};
		BD7F2DF621C13782000F438A /* Build configuration list for PBXNativeTarget "MetalTest" */ = {
			isa = XCConfigurationList;
			buildConfigurations = (
				BD7F2DF721C13782000F438A /* Debug */,
				BD7F2DF821C13782000F438A /* Release */,
			);
			defaultConfigurationIsVisible = 0;
			defaultConfigurationName = Release;
		};
/* End XCConfigurationList section */
	};
	rootObject = BD7F2DDC21C1377F000F438A /* Project object */;
}
