// !$*UTF8*$!
{
	archiveVersion = 1;
	classes = {
	};
	objectVersion = 50;
	objects = {

/* Begin PBXBuildFile section */
		BD7F2DE821C1377F000F438A /* AppDelegate.swift in Sources */ = {isa = PBXBuildFile; fileRef = BD7F2DE721C1377F000F438A /* AppDelegate.swift */; };
		BD7F2DEA21C1377F000F438A /* ViewController.swift in Sources */ = {isa = PBXBuildFile; fileRef = BD7F2DE921C1377F000F438A /* ViewController.swift */; };
		BD7F2DED21C1377F000F438A /* Main.storyboard in Resources */ = {isa = PBXBuildFile; fileRef = BD7F2DEB21C1377F000F438A /* Main.storyboard */; };
		BD7F2DEF21C13782000F438A /* Assets.xcassets in Resources */ = {isa = PBXBuildFile; fileRef = BD7F2DEE21C13782000F438A /* Assets.xcassets */; };
		BD7F2DF221C13782000F438A /* LaunchScreen.storyboard in Resources */ = {isa = PBXBuildFile; fileRef = BD7F2DF021C13782000F438A /* LaunchScreen.storyboard */; };
		BD7F2DFA21C13AB8000F438A /* Shaders.metal in Sources */ = {isa = PBXBuildFile; fileRef = BD7F2DF921C13AB8000F438A /* Shaders.metal */; };
		BD7F2E0421C22BA2000F438A /* abc.png in Resources */ = {isa = PBXBuildFile; fileRef = BD7F2E0321C22BA2000F438A /* abc.png */; };
		BD7F2E0621C23B89000F438A /* 31.png in Resources */ = {isa = PBXBuildFile; fileRef = BD7F2E0521C23B89000F438A /* 31.png */; };
		BD7F2E0E21C249EA000F438A /* QGHWDMetalView.swift in Sources */ = {isa = PBXBuildFile; fileRef = BD7F2E0D21C249EA000F438A /* QGHWDMetalView.swift */; };
		BD7F2E1021C24E4A000F438A /* QGHWDMetalRenderer.swift in Sources */ = {isa = PBXBuildFile; fileRef = BD7F2E0F21C24E4A000F438A /* QGHWDMetalRenderer.swift */; };
		BD7F2E7E21C264AF000F438A /* QGMP4Parser.m in Sources */ = {isa = PBXBuildFile; fileRef = BD7F2E4C21C264AE000F438A /* QGMP4Parser.m */; };
		BD7F2E7F21C264AF000F438A /* QGSafeMutableArray.m in Sources */ = {isa = PBXBuildFile; fileRef = BD7F2E5321C264AE000F438A /* QGSafeMutableArray.m */; };
		BD7F2E8021C264AF000F438A /* NSNotificationCenter+ThreadSafe.m in Sources */ = {isa = PBXBuildFile; fileRef = BD7F2E5421C264AE000F438A /* NSNotificationCenter+ThreadSafe.m */; };
		BD7F2E8121C264AF000F438A /* QGWeakProxy.m in Sources */ = {isa = PBXBuildFile; fileRef = BD7F2E5521C264AE000F438A /* QGWeakProxy.m */; };
		BD7F2E8221C264AF000F438A /* QGSafeMutableDictionary.m in Sources */ = {isa = PBXBuildFile; fileRef = BD7F2E5621C264AE000F438A /* QGSafeMutableDictionary.m */; };
		BD7F2E8321C264AF000F438A /* QGBaseDecoder.m in Sources */ = {isa = PBXBuildFile; fileRef = BD7F2E5821C264AE000F438A /* QGBaseDecoder.m */; };
		BD7F2E8421C264AF000F438A /* QGMP4FrameHWDecoder.m in Sources */ = {isa = PBXBuildFile; fileRef = BD7F2E5921C264AE000F438A /* QGMP4FrameHWDecoder.m */; };
		BD7F2E8521C264AF000F438A /* QGMP4AnimatedImageFrame.m in Sources */ = {isa = PBXBuildFile; fileRef = BD7F2E5B21C264AF000F438A /* QGMP4AnimatedImageFrame.m */; };
		BD7F2E8621C264AF000F438A /* QGMP4HWDFileInfo.m in Sources */ = {isa = PBXBuildFile; fileRef = BD7F2E5E21C264AF000F438A /* QGMP4HWDFileInfo.m */; };
		BD7F2E8721C264AF000F438A /* QGBaseDFileInfo.m in Sources */ = {isa = PBXBuildFile; fileRef = BD7F2E6021C264AF000F438A /* QGBaseDFileInfo.m */; };
		BD7F2E8821C264AF000F438A /* QGBaseAnimatedImageFrame.m in Sources */ = {isa = PBXBuildFile; fileRef = BD7F2E6321C264AF000F438A /* QGBaseAnimatedImageFrame.m */; };
		BD7F2E8921C264AF000F438A /* QGBaseAnimatedImageFrame+Displaying.m in Sources */ = {isa = PBXBuildFile; fileRef = BD7F2E6421C264AF000F438A /* QGBaseAnimatedImageFrame+Displaying.m */; };
		BD7F2E8A21C264AF000F438A /* QGAnimatedImageDecodeConfig.m in Sources */ = {isa = PBXBuildFile; fileRef = BD7F2E6821C264AF000F438A /* QGAnimatedImageDecodeConfig.m */; };
		BD7F2E8B21C264AF000F438A /* QGAnimatedImageDecodeThreadPool.m in Sources */ = {isa = PBXBuildFile; fileRef = BD7F2E6E21C264AF000F438A /* QGAnimatedImageDecodeThreadPool.m */; };
		BD7F2E8C21C264AF000F438A /* QGAnimatedImageDecodeThread.m in Sources */ = {isa = PBXBuildFile; fileRef = BD7F2E6F21C264AF000F438A /* QGAnimatedImageDecodeThread.m */; };
		BD7F2E8D21C264AF000F438A /* QGAnimatedImageBufferManager.m in Sources */ = {isa = PBXBuildFile; fileRef = BD7F2E7021C264AF000F438A /* QGAnimatedImageBufferManager.m */; };
		BD7F2E8E21C264AF000F438A /* QGAnimatedImageDecodeManager.m in Sources */ = {isa = PBXBuildFile; fileRef = BD7F2E7121C264AF000F438A /* QGAnimatedImageDecodeManager.m */; };
		BD7F2E8F21C264AF000F438A /* QGHWDMP4OpenGLView.m in Sources */ = {isa = PBXBuildFile; fileRef = BD7F2E7321C264AF000F438A /* QGHWDMP4OpenGLView.m */; };
		BD7F2E9321C264AF000F438A /* UIView+MP4HWDecode.m in Sources */ = {isa = PBXBuildFile; fileRef = BD7F2E7C21C264AF000F438A /* UIView+MP4HWDecode.m */; };
		BD7F2E9421C264AF000F438A /* HelloWorld.m in Sources */ = {isa = PBXBuildFile; fileRef = BD7F2E7D21C264AF000F438A /* HelloWorld.m */; };
		BD7F2E9921C2657C000F438A /* test.mp4 in Resources */ = {isa = PBXBuildFile; fileRef = BD7F2E9621C2657A000F438A /* test.mp4 */; };
		BD7F2E9A21C2657C000F438A /* test.webp in Resources */ = {isa = PBXBuildFile; fileRef = BD7F2E9721C2657B000F438A /* test.webp */; };
		BD7F2E9B21C2657C000F438A /* test.png in Resources */ = {isa = PBXBuildFile; fileRef = BD7F2E9821C2657C000F438A /* test.png */; };
/* End PBXBuildFile section */

/* Begin PBXFileReference section */
		BD7F2DE421C1377F000F438A /* MetalTest.app */ = {isa = PBXFileReference; explicitFileType = wrapper.application; includeInIndex = 0; path = MetalTest.app; sourceTree = BUILT_PRODUCTS_DIR; };
		BD7F2DE721C1377F000F438A /* AppDelegate.swift */ = {isa = PBXFileReference; lastKnownFileType = sourcecode.swift; path = AppDelegate.swift; sourceTree = "<group>"; };
		BD7F2DE921C1377F000F438A /* ViewController.swift */ = {isa = PBXFileReference; lastKnownFileType = sourcecode.swift; path = ViewController.swift; sourceTree = "<group>"; };
		BD7F2DEC21C1377F000F438A /* Base */ = {isa = PBXFileReference; lastKnownFileType = file.storyboard; name = Base; path = Base.lproj/Main.storyboard; sourceTree = "<group>"; };
		BD7F2DEE21C13782000F438A /* Assets.xcassets */ = {isa = PBXFileReference; lastKnownFileType = folder.assetcatalog; path = Assets.xcassets; sourceTree = "<group>"; };
		BD7F2DF121C13782000F438A /* Base */ = {isa = PBXFileReference; lastKnownFileType = file.storyboard; name = Base; path = Base.lproj/LaunchScreen.storyboard; sourceTree = "<group>"; };
		BD7F2DF321C13782000F438A /* Info.plist */ = {isa = PBXFileReference; lastKnownFileType = text.plist.xml; path = Info.plist; sourceTree = "<group>"; };
		BD7F2DF921C13AB8000F438A /* Shaders.metal */ = {isa = PBXFileReference; lastKnownFileType = sourcecode.metal; path = Shaders.metal; sourceTree = "<group>"; };
		BD7F2E0221C21948000F438A /* QGHWDShaderTypes.h */ = {isa = PBXFileReference; lastKnownFileType = sourcecode.c.h; path = QGHWDShaderTypes.h; sourceTree = "<group>"; };
		BD7F2E0321C22BA2000F438A /* abc.png */ = {isa = PBXFileReference; lastKnownFileType = image.png; path = abc.png; sourceTree = "<group>"; };
		BD7F2E0521C23B89000F438A /* 31.png */ = {isa = PBXFileReference; lastKnownFileType = image.png; path = 31.png; sourceTree = "<group>"; };
		BD7F2E0D21C249EA000F438A /* QGHWDMetalView.swift */ = {isa = PBXFileReference; lastKnownFileType = sourcecode.swift; path = QGHWDMetalView.swift; sourceTree = "<group>"; };
		BD7F2E0F21C24E4A000F438A /* QGHWDMetalRenderer.swift */ = {isa = PBXFileReference; lastKnownFileType = sourcecode.swift; path = QGHWDMetalRenderer.swift; sourceTree = "<group>"; };
		BD7F2E4B21C264AE000F438A /* QGMP4Parser.h */ = {isa = PBXFileReference; fileEncoding = 4; lastKnownFileType = sourcecode.c.h; path = QGMP4Parser.h; sourceTree = "<group>"; };
		BD7F2E4C21C264AE000F438A /* QGMP4Parser.m */ = {isa = PBXFileReference; fileEncoding = 4; lastKnownFileType = sourcecode.c.objc; path = QGMP4Parser.m; sourceTree = "<group>"; };
		BD7F2E4D21C264AE000F438A /* HelloWorld.h */ = {isa = PBXFileReference; fileEncoding = 4; lastKnownFileType = sourcecode.c.h; path = HelloWorld.h; sourceTree = "<group>"; };
		BD7F2E4F21C264AE000F438A /* NSNotificationCenter+ThreadSafe.h */ = {isa = PBXFileReference; fileEncoding = 4; lastKnownFileType = sourcecode.c.h; path = "NSNotificationCenter+ThreadSafe.h"; sourceTree = "<group>"; };
		BD7F2E5021C264AE000F438A /* QGSafeMutableArray.h */ = {isa = PBXFileReference; fileEncoding = 4; lastKnownFileType = sourcecode.c.h; path = QGSafeMutableArray.h; sourceTree = "<group>"; };
		BD7F2E5121C264AE000F438A /* QGWeakProxy.h */ = {isa = PBXFileReference; fileEncoding = 4; lastKnownFileType = sourcecode.c.h; path = QGWeakProxy.h; sourceTree = "<group>"; };
		BD7F2E5221C264AE000F438A /* QGSafeMutableDictionary.h */ = {isa = PBXFileReference; fileEncoding = 4; lastKnownFileType = sourcecode.c.h; path = QGSafeMutableDictionary.h; sourceTree = "<group>"; };
		BD7F2E5321C264AE000F438A /* QGSafeMutableArray.m */ = {isa = PBXFileReference; fileEncoding = 4; lastKnownFileType = sourcecode.c.objc; path = QGSafeMutableArray.m; sourceTree = "<group>"; };
		BD7F2E5421C264AE000F438A /* NSNotificationCenter+ThreadSafe.m */ = {isa = PBXFileReference; fileEncoding = 4; lastKnownFileType = sourcecode.c.objc; path = "NSNotificationCenter+ThreadSafe.m"; sourceTree = "<group>"; };
		BD7F2E5521C264AE000F438A /* QGWeakProxy.m */ = {isa = PBXFileReference; fileEncoding = 4; lastKnownFileType = sourcecode.c.objc; path = QGWeakProxy.m; sourceTree = "<group>"; };
		BD7F2E5621C264AE000F438A /* QGSafeMutableDictionary.m */ = {isa = PBXFileReference; fileEncoding = 4; lastKnownFileType = sourcecode.c.objc; path = QGSafeMutableDictionary.m; sourceTree = "<group>"; };
		BD7F2E5821C264AE000F438A /* QGBaseDecoder.m */ = {isa = PBXFileReference; fileEncoding = 4; lastKnownFileType = sourcecode.c.objc; path = QGBaseDecoder.m; sourceTree = "<group>"; };
		BD7F2E5921C264AE000F438A /* QGMP4FrameHWDecoder.m */ = {isa = PBXFileReference; fileEncoding = 4; lastKnownFileType = sourcecode.c.objc; path = QGMP4FrameHWDecoder.m; sourceTree = "<group>"; };
		BD7F2E5B21C264AF000F438A /* QGMP4AnimatedImageFrame.m */ = {isa = PBXFileReference; fileEncoding = 4; lastKnownFileType = sourcecode.c.objc; path = QGMP4AnimatedImageFrame.m; sourceTree = "<group>"; };
		BD7F2E5C21C264AF000F438A /* QGBaseDFileInfo.h */ = {isa = PBXFileReference; fileEncoding = 4; lastKnownFileType = sourcecode.c.h; path = QGBaseDFileInfo.h; sourceTree = "<group>"; };
		BD7F2E5D21C264AF000F438A /* QGBaseAnimatedImageFrame.h */ = {isa = PBXFileReference; fileEncoding = 4; lastKnownFileType = sourcecode.c.h; path = QGBaseAnimatedImageFrame.h; sourceTree = "<group>"; };
		BD7F2E5E21C264AF000F438A /* QGMP4HWDFileInfo.m */ = {isa = PBXFileReference; fileEncoding = 4; lastKnownFileType = sourcecode.c.objc; path = QGMP4HWDFileInfo.m; sourceTree = "<group>"; };
		BD7F2E5F21C264AF000F438A /* QGBaseAnimatedImageFrame+Displaying.h */ = {isa = PBXFileReference; fileEncoding = 4; lastKnownFileType = sourcecode.c.h; path = "QGBaseAnimatedImageFrame+Displaying.h"; sourceTree = "<group>"; };
		BD7F2E6021C264AF000F438A /* QGBaseDFileInfo.m */ = {isa = PBXFileReference; fileEncoding = 4; lastKnownFileType = sourcecode.c.objc; path = QGBaseDFileInfo.m; sourceTree = "<group>"; };
		BD7F2E6121C264AF000F438A /* QGMP4AnimatedImageFrame.h */ = {isa = PBXFileReference; fileEncoding = 4; lastKnownFileType = sourcecode.c.h; path = QGMP4AnimatedImageFrame.h; sourceTree = "<group>"; };
		BD7F2E6221C264AF000F438A /* QGMP4HWDFileInfo.h */ = {isa = PBXFileReference; fileEncoding = 4; lastKnownFileType = sourcecode.c.h; path = QGMP4HWDFileInfo.h; sourceTree = "<group>"; };
		BD7F2E6321C264AF000F438A /* QGBaseAnimatedImageFrame.m */ = {isa = PBXFileReference; fileEncoding = 4; lastKnownFileType = sourcecode.c.objc; path = QGBaseAnimatedImageFrame.m; sourceTree = "<group>"; };
		BD7F2E6421C264AF000F438A /* QGBaseAnimatedImageFrame+Displaying.m */ = {isa = PBXFileReference; fileEncoding = 4; lastKnownFileType = sourcecode.c.objc; path = "QGBaseAnimatedImageFrame+Displaying.m"; sourceTree = "<group>"; };
		BD7F2E6521C264AF000F438A /* QGBaseDecoder.h */ = {isa = PBXFileReference; fileEncoding = 4; lastKnownFileType = sourcecode.c.h; path = QGBaseDecoder.h; sourceTree = "<group>"; };
		BD7F2E6621C264AF000F438A /* QGMP4FrameHWDecoder.h */ = {isa = PBXFileReference; fileEncoding = 4; lastKnownFileType = sourcecode.c.h; path = QGMP4FrameHWDecoder.h; sourceTree = "<group>"; };
		BD7F2E6821C264AF000F438A /* QGAnimatedImageDecodeConfig.m */ = {isa = PBXFileReference; fileEncoding = 4; lastKnownFileType = sourcecode.c.objc; path = QGAnimatedImageDecodeConfig.m; sourceTree = "<group>"; };
		BD7F2E6921C264AF000F438A /* QGAnimatedImageDecodeThread.h */ = {isa = PBXFileReference; fileEncoding = 4; lastKnownFileType = sourcecode.c.h; path = QGAnimatedImageDecodeThread.h; sourceTree = "<group>"; };
		BD7F2E6A21C264AF000F438A /* QGAnimatedImageDecodeThreadPool.h */ = {isa = PBXFileReference; fileEncoding = 4; lastKnownFileType = sourcecode.c.h; path = QGAnimatedImageDecodeThreadPool.h; sourceTree = "<group>"; };
		BD7F2E6B21C264AF000F438A /* QGAnimatedImageBufferManager.h */ = {isa = PBXFileReference; fileEncoding = 4; lastKnownFileType = sourcecode.c.h; path = QGAnimatedImageBufferManager.h; sourceTree = "<group>"; };
		BD7F2E6C21C264AF000F438A /* QGAnimatedImageDecodeManager.h */ = {isa = PBXFileReference; fileEncoding = 4; lastKnownFileType = sourcecode.c.h; path = QGAnimatedImageDecodeManager.h; sourceTree = "<group>"; };
		BD7F2E6D21C264AF000F438A /* QGAnimatedImageDecodeConfig.h */ = {isa = PBXFileReference; fileEncoding = 4; lastKnownFileType = sourcecode.c.h; path = QGAnimatedImageDecodeConfig.h; sourceTree = "<group>"; };
		BD7F2E6E21C264AF000F438A /* QGAnimatedImageDecodeThreadPool.m */ = {isa = PBXFileReference; fileEncoding = 4; lastKnownFileType = sourcecode.c.objc; path = QGAnimatedImageDecodeThreadPool.m; sourceTree = "<group>"; };
		BD7F2E6F21C264AF000F438A /* QGAnimatedImageDecodeThread.m */ = {isa = PBXFileReference; fileEncoding = 4; lastKnownFileType = sourcecode.c.objc; path = QGAnimatedImageDecodeThread.m; sourceTree = "<group>"; };
		BD7F2E7021C264AF000F438A /* QGAnimatedImageBufferManager.m */ = {isa = PBXFileReference; fileEncoding = 4; lastKnownFileType = sourcecode.c.objc; path = QGAnimatedImageBufferManager.m; sourceTree = "<group>"; };
		BD7F2E7121C264AF000F438A /* QGAnimatedImageDecodeManager.m */ = {isa = PBXFileReference; fileEncoding = 4; lastKnownFileType = sourcecode.c.objc; path = QGAnimatedImageDecodeManager.m; sourceTree = "<group>"; };
		BD7F2E7321C264AF000F438A /* QGHWDMP4OpenGLView.m */ = {isa = PBXFileReference; fileEncoding = 4; lastKnownFileType = sourcecode.c.objc; path = QGHWDMP4OpenGLView.m; sourceTree = "<group>"; };
		BD7F2E7A21C264AF000F438A /* UIView+MP4HWDecode.h */ = {isa = PBXFileReference; fileEncoding = 4; lastKnownFileType = sourcecode.c.h; path = "UIView+MP4HWDecode.h"; sourceTree = "<group>"; };
		BD7F2E7B21C264AF000F438A /* QGHWDMP4OpenGLView.h */ = {isa = PBXFileReference; fileEncoding = 4; lastKnownFileType = sourcecode.c.h; path = QGHWDMP4OpenGLView.h; sourceTree = "<group>"; };
		BD7F2E7C21C264AF000F438A /* UIView+MP4HWDecode.m */ = {isa = PBXFileReference; fileEncoding = 4; lastKnownFileType = sourcecode.c.objc; path = "UIView+MP4HWDecode.m"; sourceTree = "<group>"; };
		BD7F2E7D21C264AF000F438A /* HelloWorld.m */ = {isa = PBXFileReference; fileEncoding = 4; lastKnownFileType = sourcecode.c.objc; path = HelloWorld.m; sourceTree = "<group>"; };
		BD7F2E9621C2657A000F438A /* test.mp4 */ = {isa = PBXFileReference; lastKnownFileType = file; path = test.mp4; sourceTree = "<group>"; };
		BD7F2E9721C2657B000F438A /* test.webp */ = {isa = PBXFileReference; lastKnownFileType = file; path = test.webp; sourceTree = "<group>"; };
		BD7F2E9821C2657C000F438A /* test.png */ = {isa = PBXFileReference; lastKnownFileType = image.png; path = test.png; sourceTree = "<group>"; };
		BD7F2EA521C26A63000F438A /* MetalTest-Bridging-Header.h */ = {isa = PBXFileReference; lastKnownFileType = sourcecode.c.h; path = "MetalTest-Bridging-Header.h"; sourceTree = "<group>"; };
/* End PBXFileReference section */

/* Begin PBXFrameworksBuildPhase section */
		BD7F2DE121C1377F000F438A /* Frameworks */ = {
			isa = PBXFrameworksBuildPhase;
			buildActionMask = 2147483647;
			files = (
			);
			runOnlyForDeploymentPostprocessing = 0;
		};
/* End PBXFrameworksBuildPhase section */

/* Begin PBXGroup section */
		BD7F2DDB21C1377F000F438A = {
			isa = PBXGroup;
			children = (
				BD7F2DE621C1377F000F438A /* MetalTest */,
				BD7F2DE521C1377F000F438A /* Products */,
			);
			sourceTree = "<group>";
		};
		BD7F2DE521C1377F000F438A /* Products */ = {
			isa = PBXGroup;
			children = (
				BD7F2DE421C1377F000F438A /* MetalTest.app */,
			);
			name = Products;
			sourceTree = "<group>";
		};
		BD7F2DE621C1377F000F438A /* MetalTest */ = {
			isa = PBXGroup;
			children = (
				BD7F2DE721C1377F000F438A /* AppDelegate.swift */,
				BD7F2DE921C1377F000F438A /* ViewController.swift */,
				BD7F2DEB21C1377F000F438A /* Main.storyboard */,
				BD7F2DEE21C13782000F438A /* Assets.xcassets */,
				BD7F2DF021C13782000F438A /* LaunchScreen.storyboard */,
				BD7F2DF321C13782000F438A /* Info.plist */,
				BD7F2DF921C13AB8000F438A /* Shaders.metal */,
				BD7F2E0221C21948000F438A /* QGHWDShaderTypes.h */,
				BD7F2E0D21C249EA000F438A /* QGHWDMetalView.swift */,
				BD7F2E0F21C24E4A000F438A /* QGHWDMetalRenderer.swift */,
				BD7F2E9521C26508000F438A /* resource */,
				BD7F2E4921C264AE000F438A /* HWD */,
				BD7F2EA521C26A63000F438A /* MetalTest-Bridging-Header.h */,
			);
			path = MetalTest;
			sourceTree = "<group>";
		};
		BD7F2E4921C264AE000F438A /* HWD */ = {
			isa = PBXGroup;
			children = (
				BD7F2E4A21C264AE000F438A /* MP4Parser */,
				BD7F2E4D21C264AE000F438A /* HelloWorld.h */,
				BD7F2E4E21C264AE000F438A /* utils */,
				BD7F2E5721C264AE000F438A /* Decoders */,
				BD7F2E7D21C264AF000F438A /* HelloWorld.m */,
			);
			path = HWD;
			sourceTree = "<group>";
		};
		BD7F2E4A21C264AE000F438A /* MP4Parser */ = {
			isa = PBXGroup;
			children = (
				BD7F2E4B21C264AE000F438A /* QGMP4Parser.h */,
				BD7F2E4C21C264AE000F438A /* QGMP4Parser.m */,
			);
			path = MP4Parser;
			sourceTree = "<group>";
		};
		BD7F2E4E21C264AE000F438A /* utils */ = {
			isa = PBXGroup;
			children = (
				BD7F2E4F21C264AE000F438A /* NSNotificationCenter+ThreadSafe.h */,
				BD7F2E5021C264AE000F438A /* QGSafeMutableArray.h */,
				BD7F2E5121C264AE000F438A /* QGWeakProxy.h */,
				BD7F2E5221C264AE000F438A /* QGSafeMutableDictionary.h */,
				BD7F2E5321C264AE000F438A /* QGSafeMutableArray.m */,
				BD7F2E5421C264AE000F438A /* NSNotificationCenter+ThreadSafe.m */,
				BD7F2E5521C264AE000F438A /* QGWeakProxy.m */,
				BD7F2E5621C264AE000F438A /* QGSafeMutableDictionary.m */,
			);
			path = utils;
			sourceTree = "<group>";
		};
		BD7F2E5721C264AE000F438A /* Decoders */ = {
			isa = PBXGroup;
			children = (
				BD7F2E5821C264AE000F438A /* QGBaseDecoder.m */,
				BD7F2E5921C264AE000F438A /* QGMP4FrameHWDecoder.m */,
				BD7F2E5A21C264AF000F438A /* Models */,
				BD7F2E6521C264AF000F438A /* QGBaseDecoder.h */,
				BD7F2E6621C264AF000F438A /* QGMP4FrameHWDecoder.h */,
				BD7F2E6721C264AF000F438A /* Controllers */,
				BD7F2E7221C264AF000F438A /* Views */,
			);
			path = Decoders;
			sourceTree = "<group>";
		};
		BD7F2E5A21C264AF000F438A /* Models */ = {
			isa = PBXGroup;
			children = (
				BD7F2E5B21C264AF000F438A /* QGMP4AnimatedImageFrame.m */,
				BD7F2E5C21C264AF000F438A /* QGBaseDFileInfo.h */,
				BD7F2E5D21C264AF000F438A /* QGBaseAnimatedImageFrame.h */,
				BD7F2E5E21C264AF000F438A /* QGMP4HWDFileInfo.m */,
				BD7F2E5F21C264AF000F438A /* QGBaseAnimatedImageFrame+Displaying.h */,
				BD7F2E6021C264AF000F438A /* QGBaseDFileInfo.m */,
				BD7F2E6121C264AF000F438A /* QGMP4AnimatedImageFrame.h */,
				BD7F2E6221C264AF000F438A /* QGMP4HWDFileInfo.h */,
				BD7F2E6321C264AF000F438A /* QGBaseAnimatedImageFrame.m */,
				BD7F2E6421C264AF000F438A /* QGBaseAnimatedImageFrame+Displaying.m */,
			);
			path = Models;
			sourceTree = "<group>";
		};
		BD7F2E6721C264AF000F438A /* Controllers */ = {
			isa = PBXGroup;
			children = (
				BD7F2E6821C264AF000F438A /* QGAnimatedImageDecodeConfig.m */,
				BD7F2E6921C264AF000F438A /* QGAnimatedImageDecodeThread.h */,
				BD7F2E6A21C264AF000F438A /* QGAnimatedImageDecodeThreadPool.h */,
				BD7F2E6B21C264AF000F438A /* QGAnimatedImageBufferManager.h */,
				BD7F2E6C21C264AF000F438A /* QGAnimatedImageDecodeManager.h */,
				BD7F2E6D21C264AF000F438A /* QGAnimatedImageDecodeConfig.h */,
				BD7F2E6E21C264AF000F438A /* QGAnimatedImageDecodeThreadPool.m */,
				BD7F2E6F21C264AF000F438A /* QGAnimatedImageDecodeThread.m */,
				BD7F2E7021C264AF000F438A /* QGAnimatedImageBufferManager.m */,
				BD7F2E7121C264AF000F438A /* QGAnimatedImageDecodeManager.m */,
			);
			path = Controllers;
			sourceTree = "<group>";
		};
		BD7F2E7221C264AF000F438A /* Views */ = {
			isa = PBXGroup;
			children = (
				BD7F2E7321C264AF000F438A /* QGHWDMP4OpenGLView.m */,
				BD7F2E7A21C264AF000F438A /* UIView+MP4HWDecode.h */,
				BD7F2E7B21C264AF000F438A /* QGHWDMP4OpenGLView.h */,
				BD7F2E7C21C264AF000F438A /* UIView+MP4HWDecode.m */,
			);
			path = Views;
			sourceTree = "<group>";
		};
		BD7F2E9521C26508000F438A /* resource */ = {
			isa = PBXGroup;
			children = (
				BD7F2E9621C2657A000F438A /* test.mp4 */,
				BD7F2E9821C2657C000F438A /* test.png */,
				BD7F2E9721C2657B000F438A /* test.webp */,
				BD7F2E0521C23B89000F438A /* 31.png */,
				BD7F2E0321C22BA2000F438A /* abc.png */,
			);
			path = resource;
			sourceTree = "<group>";
		};
/* End PBXGroup section */

/* Begin PBXNativeTarget section */
		BD7F2DE321C1377F000F438A /* MetalTest */ = {
			isa = PBXNativeTarget;
			buildConfigurationList = BD7F2DF621C13782000F438A /* Build configuration list for PBXNativeTarget "MetalTest" */;
			buildPhases = (
				BD7F2DE021C1377F000F438A /* Sources */,
				BD7F2DE121C1377F000F438A /* Frameworks */,
				BD7F2DE221C1377F000F438A /* Resources */,
			);
			buildRules = (
			);
			dependencies = (
			);
			name = MetalTest;
			productName = MetalTest;
			productReference = BD7F2DE421C1377F000F438A /* MetalTest.app */;
			productType = "com.apple.product-type.application";
		};
/* End PBXNativeTarget section */

/* Begin PBXProject section */
		BD7F2DDC21C1377F000F438A /* Project object */ = {
			isa = PBXProject;
			attributes = {
				LastSwiftUpdateCheck = 1010;
				LastUpgradeCheck = 1010;
				ORGANIZATIONNAME = Tencent;
				TargetAttributes = {
					BD7F2DE321C1377F000F438A = {
						CreatedOnToolsVersion = 10.1;
					};
				};
			};
			buildConfigurationList = BD7F2DDF21C1377F000F438A /* Build configuration list for PBXProject "MetalTest" */;
			compatibilityVersion = "Xcode 9.3";
			developmentRegion = en;
			hasScannedForEncodings = 0;
			knownRegions = (
				en,
				Base,
			);
			mainGroup = BD7F2DDB21C1377F000F438A;
			productRefGroup = BD7F2DE521C1377F000F438A /* Products */;
			projectDirPath = "";
			projectRoot = "";
			targets = (
				BD7F2DE321C1377F000F438A /* MetalTest */,
			);
		};
/* End PBXProject section */

/* Begin PBXResourcesBuildPhase section */
		BD7F2DE221C1377F000F438A /* Resources */ = {
			isa = PBXResourcesBuildPhase;
			buildActionMask = 2147483647;
			files = (
				BD7F2E9A21C2657C000F438A /* test.webp in Resources */,
				BD7F2E0621C23B89000F438A /* 31.png in Resources */,
				BD7F2E9921C2657C000F438A /* test.mp4 in Resources */,
				BD7F2E9B21C2657C000F438A /* test.png in Resources */,
				BD7F2E0421C22BA2000F438A /* abc.png in Resources */,
				BD7F2DF221C13782000F438A /* LaunchScreen.storyboard in Resources */,
				BD7F2DEF21C13782000F438A /* Assets.xcassets in Resources */,
				BD7F2DED21C1377F000F438A /* Main.storyboard in Resources */,
			);
			runOnlyForDeploymentPostprocessing = 0;
		};
/* End PBXResourcesBuildPhase section */

/* Begin PBXSourcesBuildPhase section */
		BD7F2DE021C1377F000F438A /* Sources */ = {
			isa = PBXSourcesBuildPhase;
			buildActionMask = 2147483647;
			files = (
				BD7F2E0E21C249EA000F438A /* QGHWDMetalView.swift in Sources */,
				BD7F2E8221C264AF000F438A /* QGSafeMutableDictionary.m in Sources */,
				BD7F2E8A21C264AF000F438A /* QGAnimatedImageDecodeConfig.m in Sources */,
				BD7F2E8321C264AF000F438A /* QGBaseDecoder.m in Sources */,
				BD7F2E8521C264AF000F438A /* QGMP4AnimatedImageFrame.m in Sources */,
				BD7F2E8B21C264AF000F438A /* QGAnimatedImageDecodeThreadPool.m in Sources */,
				BD7F2DFA21C13AB8000F438A /* Shaders.metal in Sources */,
				BD7F2E7F21C264AF000F438A /* QGSafeMutableArray.m in Sources */,
				BD7F2E8721C264AF000F438A /* QGBaseDFileInfo.m in Sources */,
				BD7F2DEA21C1377F000F438A /* ViewController.swift in Sources */,
				BD7F2E8121C264AF000F438A /* QGWeakProxy.m in Sources */,
				BD7F2E8821C264AF000F438A /* QGBaseAnimatedImageFrame.m in Sources */,
				BD7F2E1021C24E4A000F438A /* QGHWDMetalRenderer.swift in Sources */,
				BD7F2E8D21C264AF000F438A /* QGAnimatedImageBufferManager.m in Sources */,
				BD7F2E8021C264AF000F438A /* NSNotificationCenter+ThreadSafe.m in Sources */,
				BD7F2E8C21C264AF000F438A /* QGAnimatedImageDecodeThread.m in Sources */,
				BD7F2E8421C264AF000F438A /* QGMP4FrameHWDecoder.m in Sources */,
				BD7F2E8621C264AF000F438A /* QGMP4HWDFileInfo.m in Sources */,
				BD7F2E8E21C264AF000F438A /* QGAnimatedImageDecodeManager.m in Sources */,
				BD7F2E9321C264AF000F438A /* UIView+MP4HWDecode.m in Sources */,
				BD7F2E8F21C264AF000F438A /* QGHWDMP4OpenGLView.m in Sources */,
				BD7F2E7E21C264AF000F438A /* QGMP4Parser.m in Sources */,
				BD7F2E8921C264AF000F438A /* QGBaseAnimatedImageFrame+Displaying.m in Sources */,
				BD7F2DE821C1377F000F438A /* AppDelegate.swift in Sources */,
				BD7F2E9421C264AF000F438A /* HelloWorld.m in Sources */,
			);
			runOnlyForDeploymentPostprocessing = 0;
		};
/* End PBXSourcesBuildPhase section */

/* Begin PBXVariantGroup section */
		BD7F2DEB21C1377F000F438A /* Main.storyboard */ = {
			isa = PBXVariantGroup;
			children = (
				BD7F2DEC21C1377F000F438A /* Base */,
			);
			name = Main.storyboard;
			sourceTree = "<group>";
		};
		BD7F2DF021C13782000F438A /* LaunchScreen.storyboard */ = {
			isa = PBXVariantGroup;
			children = (
				BD7F2DF121C13782000F438A /* Base */,
			);
			name = LaunchScreen.storyboard;
			sourceTree = "<group>";
		};
/* End PBXVariantGroup section */

/* Begin XCBuildConfiguration section */
		BD7F2DF421C13782000F438A /* Debug */ = {
			isa = XCBuildConfiguration;
			buildSettings = {
				ALWAYS_SEARCH_USER_PATHS = NO;
				CLANG_ANALYZER_NONNULL = YES;
				CLANG_ANALYZER_NUMBER_OBJECT_CONVERSION = YES_AGGRESSIVE;
				CLANG_CXX_LANGUAGE_STANDARD = "gnu++14";
				CLANG_CXX_LIBRARY = "libc++";
				CLANG_ENABLE_MODULES = YES;
				CLANG_ENABLE_OBJC_ARC = YES;
				CLANG_ENABLE_OBJC_WEAK = YES;
				CLANG_WARN_BLOCK_CAPTURE_AUTORELEASING = YES;
				CLANG_WARN_BOOL_CONVERSION = YES;
				CLANG_WARN_COMMA = YES;
				CLANG_WARN_CONSTANT_CONVERSION = YES;
				CLANG_WARN_DEPRECATED_OBJC_IMPLEMENTATIONS = YES;
				CLANG_WARN_DIRECT_OBJC_ISA_USAGE = YES_ERROR;
				CLANG_WARN_DOCUMENTATION_COMMENTS = YES;
				CLANG_WARN_EMPTY_BODY = YES;
				CLANG_WARN_ENUM_CONVERSION = YES;
				CLANG_WARN_INFINITE_RECURSION = YES;
				CLANG_WARN_INT_CONVERSION = YES;
				CLANG_WARN_NON_LITERAL_NULL_CONVERSION = YES;
				CLANG_WARN_OBJC_IMPLICIT_RETAIN_SELF = YES;
				CLANG_WARN_OBJC_LITERAL_CONVERSION = YES;
				CLANG_WARN_OBJC_ROOT_CLASS = YES_ERROR;
				CLANG_WARN_RANGE_LOOP_ANALYSIS = YES;
				CLANG_WARN_STRICT_PROTOTYPES = YES;
				CLANG_WARN_SUSPICIOUS_MOVE = YES;
				CLANG_WARN_UNGUARDED_AVAILABILITY = YES_AGGRESSIVE;
				CLANG_WARN_UNREACHABLE_CODE = YES;
				CLANG_WARN__DUPLICATE_METHOD_MATCH = YES;
				CODE_SIGN_IDENTITY = "iPhone Developer";
				COPY_PHASE_STRIP = NO;
				DEBUG_INFORMATION_FORMAT = dwarf;
				ENABLE_STRICT_OBJC_MSGSEND = YES;
				ENABLE_TESTABILITY = YES;
				GCC_C_LANGUAGE_STANDARD = gnu11;
				GCC_DYNAMIC_NO_PIC = NO;
				GCC_NO_COMMON_BLOCKS = YES;
				GCC_OPTIMIZATION_LEVEL = 0;
				GCC_PREPROCESSOR_DEFINITIONS = (
					"DEBUG=1",
					"$(inherited)",
				);
				GCC_WARN_64_TO_32_BIT_CONVERSION = YES;
				GCC_WARN_ABOUT_RETURN_TYPE = YES_ERROR;
				GCC_WARN_UNDECLARED_SELECTOR = YES;
				GCC_WARN_UNINITIALIZED_AUTOS = YES_AGGRESSIVE;
				GCC_WARN_UNUSED_FUNCTION = YES;
				GCC_WARN_UNUSED_VARIABLE = YES;
				IPHONEOS_DEPLOYMENT_TARGET = 12.1;
				MTL_ENABLE_DEBUG_INFO = INCLUDE_SOURCE;
				MTL_FAST_MATH = YES;
				ONLY_ACTIVE_ARCH = YES;
				SDKROOT = iphoneos;
				SWIFT_ACTIVE_COMPILATION_CONDITIONS = DEBUG;
				SWIFT_OBJC_BRIDGING_HEADER = "MetalTest/MetalTest-Bridging-Header.h";
				SWIFT_OPTIMIZATION_LEVEL = "-Onone";
			};
			name = Debug;
		};
		BD7F2DF521C13782000F438A /* Release */ = {
			isa = XCBuildConfiguration;
			buildSettings = {
				ALWAYS_SEARCH_USER_PATHS = NO;
				CLANG_ANALYZER_NONNULL = YES;
				CLANG_ANALYZER_NUMBER_OBJECT_CONVERSION = YES_AGGRESSIVE;
				CLANG_CXX_LANGUAGE_STANDARD = "gnu++14";
				CLANG_CXX_LIBRARY = "libc++";
				CLANG_ENABLE_MODULES = YES;
				CLANG_ENABLE_OBJC_ARC = YES;
				CLANG_ENABLE_OBJC_WEAK = YES;
				CLANG_WARN_BLOCK_CAPTURE_AUTORELEASING = YES;
				CLANG_WARN_BOOL_CONVERSION = YES;
				CLANG_WARN_COMMA = YES;
				CLANG_WARN_CONSTANT_CONVERSION = YES;
				CLANG_WARN_DEPRECATED_OBJC_IMPLEMENTATIONS = YES;
				CLANG_WARN_DIRECT_OBJC_ISA_USAGE = YES_ERROR;
				CLANG_WARN_DOCUMENTATION_COMMENTS = YES;
				CLANG_WARN_EMPTY_BODY = YES;
				CLANG_WARN_ENUM_CONVERSION = YES;
				CLANG_WARN_INFINITE_RECURSION = YES;
				CLANG_WARN_INT_CONVERSION = YES;
				CLANG_WARN_NON_LITERAL_NULL_CONVERSION = YES;
				CLANG_WARN_OBJC_IMPLICIT_RETAIN_SELF = YES;
				CLANG_WARN_OBJC_LITERAL_CONVERSION = YES;
				CLANG_WARN_OBJC_ROOT_CLASS = YES_ERROR;
				CLANG_WARN_RANGE_LOOP_ANALYSIS = YES;
				CLANG_WARN_STRICT_PROTOTYPES = YES;
				CLANG_WARN_SUSPICIOUS_MOVE = YES;
				CLANG_WARN_UNGUARDED_AVAILABILITY = YES_AGGRESSIVE;
				CLANG_WARN_UNREACHABLE_CODE = YES;
				CLANG_WARN__DUPLICATE_METHOD_MATCH = YES;
				CODE_SIGN_IDENTITY = "iPhone Developer";
				COPY_PHASE_STRIP = NO;
				DEBUG_INFORMATION_FORMAT = "dwarf-with-dsym";
				ENABLE_NS_ASSERTIONS = NO;
				ENABLE_STRICT_OBJC_MSGSEND = YES;
				GCC_C_LANGUAGE_STANDARD = gnu11;
				GCC_NO_COMMON_BLOCKS = YES;
				GCC_WARN_64_TO_32_BIT_CONVERSION = YES;
				GCC_WARN_ABOUT_RETURN_TYPE = YES_ERROR;
				GCC_WARN_UNDECLARED_SELECTOR = YES;
				GCC_WARN_UNINITIALIZED_AUTOS = YES_AGGRESSIVE;
				GCC_WARN_UNUSED_FUNCTION = YES;
				GCC_WARN_UNUSED_VARIABLE = YES;
				IPHONEOS_DEPLOYMENT_TARGET = 12.1;
				MTL_ENABLE_DEBUG_INFO = INCLUDE_SOURCE;
				MTL_FAST_MATH = YES;
				SDKROOT = iphoneos;
				SWIFT_COMPILATION_MODE = wholemodule;
				SWIFT_OBJC_BRIDGING_HEADER = "MetalTest/MetalTest-Bridging-Header.h";
				SWIFT_OPTIMIZATION_LEVEL = "-O";
				VALIDATE_PRODUCT = YES;
			};
			name = Release;
		};
		BD7F2DF721C13782000F438A /* Debug */ = {
			isa = XCBuildConfiguration;
			buildSettings = {
				ASSETCATALOG_COMPILER_APPICON_NAME = AppIcon;
				CODE_SIGN_STYLE = Automatic;
				DEVELOPMENT_TEAM = 6W55574XBS;
				INFOPLIST_FILE = MetalTest/Info.plist;
				LD_RUNPATH_SEARCH_PATHS = (
					"$(inherited)",
					"@executable_path/Frameworks",
				);
				PRODUCT_BUNDLE_IDENTIFIER = com.tencent.MetalTest;
				PRODUCT_NAME = "$(TARGET_NAME)";
				SWIFT_VERSION = 4.2;
				TARGETED_DEVICE_FAMILY = "1,2";
			};
			name = Debug;
		};
		BD7F2DF821C13782000F438A /* Release */ = {
			isa = XCBuildConfiguration;
			buildSettings = {
				ASSETCATALOG_COMPILER_APPICON_NAME = AppIcon;
				CODE_SIGN_STYLE = Automatic;
				DEVELOPMENT_TEAM = 6W55574XBS;
				INFOPLIST_FILE = MetalTest/Info.plist;
				LD_RUNPATH_SEARCH_PATHS = (
					"$(inherited)",
					"@executable_path/Frameworks",
				);
				PRODUCT_BUNDLE_IDENTIFIER = com.tencent.MetalTest;
				PRODUCT_NAME = "$(TARGET_NAME)";
				SWIFT_VERSION = 4.2;
				TARGETED_DEVICE_FAMILY = "1,2";
			};
			name = Release;
		};
/* End XCBuildConfiguration section */

/* Begin XCConfigurationList section */
		BD7F2DDF21C1377F000F438A /* Build configuration list for PBXProject "MetalTest" */ = {
			isa = XCConfigurationList;
			buildConfigurations = (
				BD7F2DF421C13782000F438A /* Debug */,
				BD7F2DF521C13782000F438A /* Release */,
			);
			defaultConfigurationIsVisible = 0;
			defaultConfigurationName = Release;
		};
		BD7F2DF621C13782000F438A /* Build configuration list for PBXNativeTarget "MetalTest" */ = {
			isa = XCConfigurationList;
			buildConfigurations = (
				BD7F2DF721C13782000F438A /* Debug */,
				BD7F2DF821C13782000F438A /* Release */,
			);
			defaultConfigurationIsVisible = 0;
			defaultConfigurationName = Release;
		};
/* End XCConfigurationList section */
	};
	rootObject = BD7F2DDC21C1377F000F438A /* Project object */;
}
